// !$*UTF8*$!
{
	archiveVersion = 1;
	classes = {
	};
	objectVersion = 56;
	objects = {

/* Begin PBXBuildFile section */
		A20CF6912C971BFE00D0491E /* ProfileView.swift in Sources */ = {isa = PBXBuildFile; fileRef = A20CF6902C971BFE00D0491E /* ProfileView.swift */; };
		A20CF6932C971F9200D0491E /* carnageNavLink.swift in Sources */ = {isa = PBXBuildFile; fileRef = A20CF6922C971F9200D0491E /* carnageNavLink.swift */; };
		A21C3CEC2C99CFC100774DDC /* SignInView.swift in Sources */ = {isa = PBXBuildFile; fileRef = A21C3CEB2C99CFC100774DDC /* SignInView.swift */; };
		A23349692C9AE0EB00D6B1E1 /* HomeView.swift in Sources */ = {isa = PBXBuildFile; fileRef = A23349682C9AE0EB00D6B1E1 /* HomeView.swift */; };
		A23563E32C972B2A00418F5C /* FitnessView.swift in Sources */ = {isa = PBXBuildFile; fileRef = A23563E22C972B2A00418F5C /* FitnessView.swift */; };
		A23563E52C972B9D00418F5C /* LogbookView.swift in Sources */ = {isa = PBXBuildFile; fileRef = A23563E42C972B9D00418F5C /* LogbookView.swift */; };
		A23563E82C97473D00418F5C /* user.swift in Sources */ = {isa = PBXBuildFile; fileRef = A23563E72C97473D00418F5C /* user.swift */; };
		A23563EB2C9748A600418F5C /* api.swift in Sources */ = {isa = PBXBuildFile; fileRef = A23563EA2C9748A600418F5C /* api.swift */; };
		A23A49912C99C59000F56A2C /* tokens.swift in Sources */ = {isa = PBXBuildFile; fileRef = A23A49902C99C59000F56A2C /* tokens.swift */; };
		A247AC3B2C8B096400E5F26A /* carnageButton.swift in Sources */ = {isa = PBXBuildFile; fileRef = A247AC3A2C8B096400E5F26A /* carnageButton.swift */; };
		A2A3AA832C88B20B00857B4B /* carnageApp.swift in Sources */ = {isa = PBXBuildFile; fileRef = A2A3AA822C88B20B00857B4B /* carnageApp.swift */; };
		A2A3AA852C88B20B00857B4B /* ContentView.swift in Sources */ = {isa = PBXBuildFile; fileRef = A2A3AA842C88B20B00857B4B /* ContentView.swift */; };
		A2A3AA872C88B20B00857B4B /* Item.swift in Sources */ = {isa = PBXBuildFile; fileRef = A2A3AA862C88B20B00857B4B /* Item.swift */; };
		A2A3AA892C88B20C00857B4B /* Assets.xcassets in Resources */ = {isa = PBXBuildFile; fileRef = A2A3AA882C88B20C00857B4B /* Assets.xcassets */; };
		A2A3AA8C2C88B20C00857B4B /* Preview Assets.xcassets in Resources */ = {isa = PBXBuildFile; fileRef = A2A3AA8B2C88B20C00857B4B /* Preview Assets.xcassets */; };
		A2A3AA962C88B20C00857B4B /* carnageTests.swift in Sources */ = {isa = PBXBuildFile; fileRef = A2A3AA952C88B20C00857B4B /* carnageTests.swift */; };
		A2A3AAA02C88B20C00857B4B /* carnageUITests.swift in Sources */ = {isa = PBXBuildFile; fileRef = A2A3AA9F2C88B20C00857B4B /* carnageUITests.swift */; };
		A2A3AAA22C88B20C00857B4B /* carnageUITestsLaunchTests.swift in Sources */ = {isa = PBXBuildFile; fileRef = A2A3AAA12C88B20C00857B4B /* carnageUITestsLaunchTests.swift */; };
/* End PBXBuildFile section */

/* Begin PBXContainerItemProxy section */
		A2A3AA922C88B20C00857B4B /* PBXContainerItemProxy */ = {
			isa = PBXContainerItemProxy;
			containerPortal = A2A3AA772C88B20B00857B4B /* Project object */;
			proxyType = 1;
			remoteGlobalIDString = A2A3AA7E2C88B20B00857B4B;
			remoteInfo = carnage;
		};
		A2A3AA9C2C88B20C00857B4B /* PBXContainerItemProxy */ = {
			isa = PBXContainerItemProxy;
			containerPortal = A2A3AA772C88B20B00857B4B /* Project object */;
			proxyType = 1;
			remoteGlobalIDString = A2A3AA7E2C88B20B00857B4B;
			remoteInfo = carnage;
		};
/* End PBXContainerItemProxy section */

/* Begin PBXFileReference section */
		A20CF6902C971BFE00D0491E /* ProfileView.swift */ = {isa = PBXFileReference; lastKnownFileType = sourcecode.swift; path = ProfileView.swift; sourceTree = "<group>"; };
		A20CF6922C971F9200D0491E /* carnageNavLink.swift */ = {isa = PBXFileReference; lastKnownFileType = sourcecode.swift; path = carnageNavLink.swift; sourceTree = "<group>"; };
		A21C3CEB2C99CFC100774DDC /* SignInView.swift */ = {isa = PBXFileReference; lastKnownFileType = sourcecode.swift; path = SignInView.swift; sourceTree = "<group>"; };
		A23349682C9AE0EB00D6B1E1 /* HomeView.swift */ = {isa = PBXFileReference; lastKnownFileType = sourcecode.swift; path = HomeView.swift; sourceTree = "<group>"; };
		A23563E22C972B2A00418F5C /* FitnessView.swift */ = {isa = PBXFileReference; lastKnownFileType = sourcecode.swift; path = FitnessView.swift; sourceTree = "<group>"; };
		A23563E42C972B9D00418F5C /* LogbookView.swift */ = {isa = PBXFileReference; lastKnownFileType = sourcecode.swift; path = LogbookView.swift; sourceTree = "<group>"; };
		A23563E72C97473D00418F5C /* user.swift */ = {isa = PBXFileReference; lastKnownFileType = sourcecode.swift; path = user.swift; sourceTree = "<group>"; };
		A23563EA2C9748A600418F5C /* api.swift */ = {isa = PBXFileReference; lastKnownFileType = sourcecode.swift; path = api.swift; sourceTree = "<group>"; };
		A23A49902C99C59000F56A2C /* tokens.swift */ = {isa = PBXFileReference; lastKnownFileType = sourcecode.swift; path = tokens.swift; sourceTree = "<group>"; };
		A247AC3A2C8B096400E5F26A /* carnageButton.swift */ = {isa = PBXFileReference; lastKnownFileType = sourcecode.swift; path = carnageButton.swift; sourceTree = "<group>"; };
		A2A3AA7F2C88B20B00857B4B /* carnage.app */ = {isa = PBXFileReference; explicitFileType = wrapper.application; includeInIndex = 0; path = carnage.app; sourceTree = BUILT_PRODUCTS_DIR; };
		A2A3AA822C88B20B00857B4B /* carnageApp.swift */ = {isa = PBXFileReference; lastKnownFileType = sourcecode.swift; path = carnageApp.swift; sourceTree = "<group>"; };
		A2A3AA842C88B20B00857B4B /* ContentView.swift */ = {isa = PBXFileReference; lastKnownFileType = sourcecode.swift; path = ContentView.swift; sourceTree = "<group>"; };
		A2A3AA862C88B20B00857B4B /* Item.swift */ = {isa = PBXFileReference; lastKnownFileType = sourcecode.swift; path = Item.swift; sourceTree = "<group>"; };
		A2A3AA882C88B20C00857B4B /* Assets.xcassets */ = {isa = PBXFileReference; lastKnownFileType = folder.assetcatalog; path = Assets.xcassets; sourceTree = "<group>"; };
		A2A3AA8B2C88B20C00857B4B /* Preview Assets.xcassets */ = {isa = PBXFileReference; lastKnownFileType = folder.assetcatalog; path = "Preview Assets.xcassets"; sourceTree = "<group>"; };
		A2A3AA912C88B20C00857B4B /* carnageTests.xctest */ = {isa = PBXFileReference; explicitFileType = wrapper.cfbundle; includeInIndex = 0; path = carnageTests.xctest; sourceTree = BUILT_PRODUCTS_DIR; };
		A2A3AA952C88B20C00857B4B /* carnageTests.swift */ = {isa = PBXFileReference; lastKnownFileType = sourcecode.swift; path = carnageTests.swift; sourceTree = "<group>"; };
		A2A3AA9B2C88B20C00857B4B /* carnageUITests.xctest */ = {isa = PBXFileReference; explicitFileType = wrapper.cfbundle; includeInIndex = 0; path = carnageUITests.xctest; sourceTree = BUILT_PRODUCTS_DIR; };
		A2A3AA9F2C88B20C00857B4B /* carnageUITests.swift */ = {isa = PBXFileReference; lastKnownFileType = sourcecode.swift; path = carnageUITests.swift; sourceTree = "<group>"; };
		A2A3AAA12C88B20C00857B4B /* carnageUITestsLaunchTests.swift */ = {isa = PBXFileReference; lastKnownFileType = sourcecode.swift; path = carnageUITestsLaunchTests.swift; sourceTree = "<group>"; };
		A2D0E41A2C99BBBB005C7DD9 /* Info.plist */ = {isa = PBXFileReference; lastKnownFileType = text.plist; path = Info.plist; sourceTree = "<group>"; };
/* End PBXFileReference section */

/* Begin PBXFrameworksBuildPhase section */
		A2A3AA7C2C88B20B00857B4B /* Frameworks */ = {
			isa = PBXFrameworksBuildPhase;
			buildActionMask = 2147483647;
			files = (
			);
			runOnlyForDeploymentPostprocessing = 0;
		};
		A2A3AA8E2C88B20C00857B4B /* Frameworks */ = {
			isa = PBXFrameworksBuildPhase;
			buildActionMask = 2147483647;
			files = (
			);
			runOnlyForDeploymentPostprocessing = 0;
		};
		A2A3AA982C88B20C00857B4B /* Frameworks */ = {
			isa = PBXFrameworksBuildPhase;
			buildActionMask = 2147483647;
			files = (
			);
			runOnlyForDeploymentPostprocessing = 0;
		};
/* End PBXFrameworksBuildPhase section */

/* Begin PBXGroup section */
		A20CF68F2C970DCE00D0491E /* components */ = {
			isa = PBXGroup;
			children = (
				A247AC3A2C8B096400E5F26A /* carnageButton.swift */,
				A20CF6922C971F9200D0491E /* carnageNavLink.swift */,
			);
			path = components;
			sourceTree = "<group>";
		};
		A21C3CE62C99CF0500774DDC /* devise */ = {
			isa = PBXGroup;
			children = (
				A21C3CEB2C99CFC100774DDC /* SignInView.swift */,
			);
			path = devise;
			sourceTree = "<group>";
		};
		A23563E62C97471D00418F5C /* models */ = {
			isa = PBXGroup;
			children = (
				A23563E72C97473D00418F5C /* user.swift */,
				A23A49902C99C59000F56A2C /* tokens.swift */,
			);
			path = models;
			sourceTree = "<group>";
		};
		A23563E92C97489500418F5C /* logic */ = {
			isa = PBXGroup;
			children = (
				A23563EA2C9748A600418F5C /* api.swift */,
			);
			path = logic;
			sourceTree = "<group>";
		};
		A247AC392C8B093200E5F26A /* views */ = {
			isa = PBXGroup;
			children = (
				A21C3CE62C99CF0500774DDC /* devise */,
				A20CF68F2C970DCE00D0491E /* components */,
				A20CF6902C971BFE00D0491E /* ProfileView.swift */,
				A23563E22C972B2A00418F5C /* FitnessView.swift */,
				A23563E42C972B9D00418F5C /* LogbookView.swift */,
				A23349682C9AE0EB00D6B1E1 /* HomeView.swift */,
			);
			path = views;
			sourceTree = "<group>";
		};
		A2A3AA762C88B20B00857B4B = {
			isa = PBXGroup;
			children = (
				A2A3AA812C88B20B00857B4B /* carnage */,
				A2A3AA942C88B20C00857B4B /* carnageTests */,
				A2A3AA9E2C88B20C00857B4B /* carnageUITests */,
				A2A3AA802C88B20B00857B4B /* Products */,
			);
			sourceTree = "<group>";
		};
		A2A3AA802C88B20B00857B4B /* Products */ = {
			isa = PBXGroup;
			children = (
				A2A3AA7F2C88B20B00857B4B /* carnage.app */,
				A2A3AA912C88B20C00857B4B /* carnageTests.xctest */,
				A2A3AA9B2C88B20C00857B4B /* carnageUITests.xctest */,
			);
			name = Products;
			sourceTree = "<group>";
		};
		A2A3AA812C88B20B00857B4B /* carnage */ = {
			isa = PBXGroup;
			children = (
				A2D0E41A2C99BBBB005C7DD9 /* Info.plist */,
				A23563E92C97489500418F5C /* logic */,
				A23563E62C97471D00418F5C /* models */,
				A247AC392C8B093200E5F26A /* views */,
				A2A3AA822C88B20B00857B4B /* carnageApp.swift */,
				A2A3AA842C88B20B00857B4B /* ContentView.swift */,
				A2A3AA862C88B20B00857B4B /* Item.swift */,
				A2A3AA882C88B20C00857B4B /* Assets.xcassets */,
				A2A3AA8A2C88B20C00857B4B /* Preview Content */,
			);
			path = carnage;
			sourceTree = "<group>";
		};
		A2A3AA8A2C88B20C00857B4B /* Preview Content */ = {
			isa = PBXGroup;
			children = (
				A2A3AA8B2C88B20C00857B4B /* Preview Assets.xcassets */,
			);
			path = "Preview Content";
			sourceTree = "<group>";
		};
		A2A3AA942C88B20C00857B4B /* carnageTests */ = {
			isa = PBXGroup;
			children = (
				A2A3AA952C88B20C00857B4B /* carnageTests.swift */,
			);
			path = carnageTests;
			sourceTree = "<group>";
		};
		A2A3AA9E2C88B20C00857B4B /* carnageUITests */ = {
			isa = PBXGroup;
			children = (
				A2A3AA9F2C88B20C00857B4B /* carnageUITests.swift */,
				A2A3AAA12C88B20C00857B4B /* carnageUITestsLaunchTests.swift */,
			);
			path = carnageUITests;
			sourceTree = "<group>";
		};
/* End PBXGroup section */

/* Begin PBXNativeTarget section */
		A2A3AA7E2C88B20B00857B4B /* carnage */ = {
			isa = PBXNativeTarget;
			buildConfigurationList = A2A3AAA52C88B20C00857B4B /* Build configuration list for PBXNativeTarget "carnage" */;
			buildPhases = (
				A2A3AA7B2C88B20B00857B4B /* Sources */,
				A2A3AA7C2C88B20B00857B4B /* Frameworks */,
				A2A3AA7D2C88B20B00857B4B /* Resources */,
			);
			buildRules = (
			);
			dependencies = (
			);
			name = carnage;
			productName = carnage;
			productReference = A2A3AA7F2C88B20B00857B4B /* carnage.app */;
			productType = "com.apple.product-type.application";
		};
		A2A3AA902C88B20C00857B4B /* carnageTests */ = {
			isa = PBXNativeTarget;
			buildConfigurationList = A2A3AAA82C88B20C00857B4B /* Build configuration list for PBXNativeTarget "carnageTests" */;
			buildPhases = (
				A2A3AA8D2C88B20C00857B4B /* Sources */,
				A2A3AA8E2C88B20C00857B4B /* Frameworks */,
				A2A3AA8F2C88B20C00857B4B /* Resources */,
			);
			buildRules = (
			);
			dependencies = (
				A2A3AA932C88B20C00857B4B /* PBXTargetDependency */,
			);
			name = carnageTests;
			productName = carnageTests;
			productReference = A2A3AA912C88B20C00857B4B /* carnageTests.xctest */;
			productType = "com.apple.product-type.bundle.unit-test";
		};
		A2A3AA9A2C88B20C00857B4B /* carnageUITests */ = {
			isa = PBXNativeTarget;
			buildConfigurationList = A2A3AAAB2C88B20C00857B4B /* Build configuration list for PBXNativeTarget "carnageUITests" */;
			buildPhases = (
				A2A3AA972C88B20C00857B4B /* Sources */,
				A2A3AA982C88B20C00857B4B /* Frameworks */,
				A2A3AA992C88B20C00857B4B /* Resources */,
			);
			buildRules = (
			);
			dependencies = (
				A2A3AA9D2C88B20C00857B4B /* PBXTargetDependency */,
			);
			name = carnageUITests;
			productName = carnageUITests;
			productReference = A2A3AA9B2C88B20C00857B4B /* carnageUITests.xctest */;
			productType = "com.apple.product-type.bundle.ui-testing";
		};
/* End PBXNativeTarget section */

/* Begin PBXProject section */
		A2A3AA772C88B20B00857B4B /* Project object */ = {
			isa = PBXProject;
			attributes = {
				BuildIndependentTargetsInParallel = 1;
				LastSwiftUpdateCheck = 1540;
				LastUpgradeCheck = 1540;
				TargetAttributes = {
					A2A3AA7E2C88B20B00857B4B = {
						CreatedOnToolsVersion = 15.4;
					};
					A2A3AA902C88B20C00857B4B = {
						CreatedOnToolsVersion = 15.4;
						TestTargetID = A2A3AA7E2C88B20B00857B4B;
					};
					A2A3AA9A2C88B20C00857B4B = {
						CreatedOnToolsVersion = 15.4;
						TestTargetID = A2A3AA7E2C88B20B00857B4B;
					};
				};
			};
			buildConfigurationList = A2A3AA7A2C88B20B00857B4B /* Build configuration list for PBXProject "carnage" */;
			compatibilityVersion = "Xcode 14.0";
			developmentRegion = en;
			hasScannedForEncodings = 0;
			knownRegions = (
				en,
				Base,
			);
			mainGroup = A2A3AA762C88B20B00857B4B;
			productRefGroup = A2A3AA802C88B20B00857B4B /* Products */;
			projectDirPath = "";
			projectRoot = "";
			targets = (
				A2A3AA7E2C88B20B00857B4B /* carnage */,
				A2A3AA902C88B20C00857B4B /* carnageTests */,
				A2A3AA9A2C88B20C00857B4B /* carnageUITests */,
			);
		};
/* End PBXProject section */

/* Begin PBXResourcesBuildPhase section */
		A2A3AA7D2C88B20B00857B4B /* Resources */ = {
			isa = PBXResourcesBuildPhase;
			buildActionMask = 2147483647;
			files = (
				A2A3AA8C2C88B20C00857B4B /* Preview Assets.xcassets in Resources */,
				A2A3AA892C88B20C00857B4B /* Assets.xcassets in Resources */,
			);
			runOnlyForDeploymentPostprocessing = 0;
		};
		A2A3AA8F2C88B20C00857B4B /* Resources */ = {
			isa = PBXResourcesBuildPhase;
			buildActionMask = 2147483647;
			files = (
			);
			runOnlyForDeploymentPostprocessing = 0;
		};
		A2A3AA992C88B20C00857B4B /* Resources */ = {
			isa = PBXResourcesBuildPhase;
			buildActionMask = 2147483647;
			files = (
			);
			runOnlyForDeploymentPostprocessing = 0;
		};
/* End PBXResourcesBuildPhase section */

/* Begin PBXSourcesBuildPhase section */
		A2A3AA7B2C88B20B00857B4B /* Sources */ = {
			isa = PBXSourcesBuildPhase;
			buildActionMask = 2147483647;
			files = (
				A23563EB2C9748A600418F5C /* api.swift in Sources */,
				A2A3AA852C88B20B00857B4B /* ContentView.swift in Sources */,
				A20CF6932C971F9200D0491E /* carnageNavLink.swift in Sources */,
				A23349692C9AE0EB00D6B1E1 /* HomeView.swift in Sources */,
				A23563E32C972B2A00418F5C /* FitnessView.swift in Sources */,
				A2A3AA872C88B20B00857B4B /* Item.swift in Sources */,
				A23563E52C972B9D00418F5C /* LogbookView.swift in Sources */,
				A21C3CEC2C99CFC100774DDC /* SignInView.swift in Sources */,
				A23563E82C97473D00418F5C /* user.swift in Sources */,
				A20CF6912C971BFE00D0491E /* ProfileView.swift in Sources */,
				A2A3AA832C88B20B00857B4B /* carnageApp.swift in Sources */,
				A23A49912C99C59000F56A2C /* tokens.swift in Sources */,
				A247AC3B2C8B096400E5F26A /* carnageButton.swift in Sources */,
			);
			runOnlyForDeploymentPostprocessing = 0;
		};
		A2A3AA8D2C88B20C00857B4B /* Sources */ = {
			isa = PBXSourcesBuildPhase;
			buildActionMask = 2147483647;
			files = (
				A2A3AA962C88B20C00857B4B /* carnageTests.swift in Sources */,
			);
			runOnlyForDeploymentPostprocessing = 0;
		};
		A2A3AA972C88B20C00857B4B /* Sources */ = {
			isa = PBXSourcesBuildPhase;
			buildActionMask = 2147483647;
			files = (
				A2A3AAA22C88B20C00857B4B /* carnageUITestsLaunchTests.swift in Sources */,
				A2A3AAA02C88B20C00857B4B /* carnageUITests.swift in Sources */,
			);
			runOnlyForDeploymentPostprocessing = 0;
		};
/* End PBXSourcesBuildPhase section */

/* Begin PBXTargetDependency section */
		A2A3AA932C88B20C00857B4B /* PBXTargetDependency */ = {
			isa = PBXTargetDependency;
			target = A2A3AA7E2C88B20B00857B4B /* carnage */;
			targetProxy = A2A3AA922C88B20C00857B4B /* PBXContainerItemProxy */;
		};
		A2A3AA9D2C88B20C00857B4B /* PBXTargetDependency */ = {
			isa = PBXTargetDependency;
			target = A2A3AA7E2C88B20B00857B4B /* carnage */;
			targetProxy = A2A3AA9C2C88B20C00857B4B /* PBXContainerItemProxy */;
		};
/* End PBXTargetDependency section */

/* Begin XCBuildConfiguration section */
		A2A3AAA32C88B20C00857B4B /* Debug */ = {
			isa = XCBuildConfiguration;
			buildSettings = {
				ALWAYS_SEARCH_USER_PATHS = NO;
				ASSETCATALOG_COMPILER_GENERATE_SWIFT_ASSET_SYMBOL_EXTENSIONS = YES;
				CLANG_ANALYZER_NONNULL = YES;
				CLANG_ANALYZER_NUMBER_OBJECT_CONVERSION = YES_AGGRESSIVE;
				CLANG_CXX_LANGUAGE_STANDARD = "gnu++20";
				CLANG_ENABLE_MODULES = YES;
				CLANG_ENABLE_OBJC_ARC = YES;
				CLANG_ENABLE_OBJC_WEAK = YES;
				CLANG_WARN_BLOCK_CAPTURE_AUTORELEASING = YES;
				CLANG_WARN_BOOL_CONVERSION = YES;
				CLANG_WARN_COMMA = YES;
				CLANG_WARN_CONSTANT_CONVERSION = YES;
				CLANG_WARN_DEPRECATED_OBJC_IMPLEMENTATIONS = YES;
				CLANG_WARN_DIRECT_OBJC_ISA_USAGE = YES_ERROR;
				CLANG_WARN_DOCUMENTATION_COMMENTS = YES;
				CLANG_WARN_EMPTY_BODY = YES;
				CLANG_WARN_ENUM_CONVERSION = YES;
				CLANG_WARN_INFINITE_RECURSION = YES;
				CLANG_WARN_INT_CONVERSION = YES;
				CLANG_WARN_NON_LITERAL_NULL_CONVERSION = YES;
				CLANG_WARN_OBJC_IMPLICIT_RETAIN_SELF = YES;
				CLANG_WARN_OBJC_LITERAL_CONVERSION = YES;
				CLANG_WARN_OBJC_ROOT_CLASS = YES_ERROR;
				CLANG_WARN_QUOTED_INCLUDE_IN_FRAMEWORK_HEADER = YES;
				CLANG_WARN_RANGE_LOOP_ANALYSIS = YES;
				CLANG_WARN_STRICT_PROTOTYPES = YES;
				CLANG_WARN_SUSPICIOUS_MOVE = YES;
				CLANG_WARN_UNGUARDED_AVAILABILITY = YES_AGGRESSIVE;
				CLANG_WARN_UNREACHABLE_CODE = YES;
				CLANG_WARN__DUPLICATE_METHOD_MATCH = YES;
				COPY_PHASE_STRIP = NO;
				DEBUG_INFORMATION_FORMAT = dwarf;
				ENABLE_STRICT_OBJC_MSGSEND = YES;
				ENABLE_TESTABILITY = YES;
				ENABLE_USER_SCRIPT_SANDBOXING = YES;
				GCC_C_LANGUAGE_STANDARD = gnu17;
				GCC_DYNAMIC_NO_PIC = NO;
				GCC_NO_COMMON_BLOCKS = YES;
				GCC_OPTIMIZATION_LEVEL = 0;
				GCC_PREPROCESSOR_DEFINITIONS = (
					"DEBUG=1",
					"$(inherited)",
				);
				GCC_WARN_64_TO_32_BIT_CONVERSION = YES;
				GCC_WARN_ABOUT_RETURN_TYPE = YES_ERROR;
				GCC_WARN_UNDECLARED_SELECTOR = YES;
				GCC_WARN_UNINITIALIZED_AUTOS = YES_AGGRESSIVE;
				GCC_WARN_UNUSED_FUNCTION = YES;
				GCC_WARN_UNUSED_VARIABLE = YES;
				IPHONEOS_DEPLOYMENT_TARGET = 17.5;
				LOCALIZATION_PREFERS_STRING_CATALOGS = YES;
				MTL_ENABLE_DEBUG_INFO = INCLUDE_SOURCE;
				MTL_FAST_MATH = YES;
				ONLY_ACTIVE_ARCH = YES;
				SDKROOT = iphoneos;
				SWIFT_ACTIVE_COMPILATION_CONDITIONS = "DEBUG $(inherited)";
				SWIFT_OPTIMIZATION_LEVEL = "-Onone";
			};
			name = Debug;
		};
		A2A3AAA42C88B20C00857B4B /* Release */ = {
			isa = XCBuildConfiguration;
			buildSettings = {
				ALWAYS_SEARCH_USER_PATHS = NO;
				ASSETCATALOG_COMPILER_GENERATE_SWIFT_ASSET_SYMBOL_EXTENSIONS = YES;
				CLANG_ANALYZER_NONNULL = YES;
				CLANG_ANALYZER_NUMBER_OBJECT_CONVERSION = YES_AGGRESSIVE;
				CLANG_CXX_LANGUAGE_STANDARD = "gnu++20";
				CLANG_ENABLE_MODULES = YES;
				CLANG_ENABLE_OBJC_ARC = YES;
				CLANG_ENABLE_OBJC_WEAK = YES;
				CLANG_WARN_BLOCK_CAPTURE_AUTORELEASING = YES;
				CLANG_WARN_BOOL_CONVERSION = YES;
				CLANG_WARN_COMMA = YES;
				CLANG_WARN_CONSTANT_CONVERSION = YES;
				CLANG_WARN_DEPRECATED_OBJC_IMPLEMENTATIONS = YES;
				CLANG_WARN_DIRECT_OBJC_ISA_USAGE = YES_ERROR;
				CLANG_WARN_DOCUMENTATION_COMMENTS = YES;
				CLANG_WARN_EMPTY_BODY = YES;
				CLANG_WARN_ENUM_CONVERSION = YES;
				CLANG_WARN_INFINITE_RECURSION = YES;
				CLANG_WARN_INT_CONVERSION = YES;
				CLANG_WARN_NON_LITERAL_NULL_CONVERSION = YES;
				CLANG_WARN_OBJC_IMPLICIT_RETAIN_SELF = YES;
				CLANG_WARN_OBJC_LITERAL_CONVERSION = YES;
				CLANG_WARN_OBJC_ROOT_CLASS = YES_ERROR;
				CLANG_WARN_QUOTED_INCLUDE_IN_FRAMEWORK_HEADER = YES;
				CLANG_WARN_RANGE_LOOP_ANALYSIS = YES;
				CLANG_WARN_STRICT_PROTOTYPES = YES;
				CLANG_WARN_SUSPICIOUS_MOVE = YES;
				CLANG_WARN_UNGUARDED_AVAILABILITY = YES_AGGRESSIVE;
				CLANG_WARN_UNREACHABLE_CODE = YES;
				CLANG_WARN__DUPLICATE_METHOD_MATCH = YES;
				COPY_PHASE_STRIP = NO;
				DEBUG_INFORMATION_FORMAT = "dwarf-with-dsym";
				ENABLE_NS_ASSERTIONS = NO;
				ENABLE_STRICT_OBJC_MSGSEND = YES;
				ENABLE_USER_SCRIPT_SANDBOXING = YES;
				GCC_C_LANGUAGE_STANDARD = gnu17;
				GCC_NO_COMMON_BLOCKS = YES;
				GCC_WARN_64_TO_32_BIT_CONVERSION = YES;
				GCC_WARN_ABOUT_RETURN_TYPE = YES_ERROR;
				GCC_WARN_UNDECLARED_SELECTOR = YES;
				GCC_WARN_UNINITIALIZED_AUTOS = YES_AGGRESSIVE;
				GCC_WARN_UNUSED_FUNCTION = YES;
				GCC_WARN_UNUSED_VARIABLE = YES;
				IPHONEOS_DEPLOYMENT_TARGET = 17.5;
				LOCALIZATION_PREFERS_STRING_CATALOGS = YES;
				MTL_ENABLE_DEBUG_INFO = NO;
				MTL_FAST_MATH = YES;
				SDKROOT = iphoneos;
				SWIFT_COMPILATION_MODE = wholemodule;
				VALIDATE_PRODUCT = YES;
			};
			name = Release;
		};
		A2A3AAA62C88B20C00857B4B /* Debug */ = {
			isa = XCBuildConfiguration;
			buildSettings = {
				ASSETCATALOG_COMPILER_APPICON_NAME = AppIcon;
				ASSETCATALOG_COMPILER_GLOBAL_ACCENT_COLOR_NAME = AccentColor;
				CODE_SIGN_STYLE = Automatic;
				CURRENT_PROJECT_VERSION = 1;
				DEVELOPMENT_ASSET_PATHS = "\"carnage/Preview Content\"";
				DEVELOPMENT_TEAM = L77KJB3955;
				ENABLE_PREVIEWS = YES;
				GENERATE_INFOPLIST_FILE = YES;
				INFOPLIST_FILE = carnage/Info.plist;
				INFOPLIST_KEY_UIApplicationSceneManifest_Generation = YES;
				INFOPLIST_KEY_UIApplicationSupportsIndirectInputEvents = YES;
				INFOPLIST_KEY_UILaunchScreen_Generation = YES;
				INFOPLIST_KEY_UISupportedInterfaceOrientations_iPad = "UIInterfaceOrientationPortrait UIInterfaceOrientationPortraitUpsideDown UIInterfaceOrientationLandscapeLeft UIInterfaceOrientationLandscapeRight";
				INFOPLIST_KEY_UISupportedInterfaceOrientations_iPhone = "UIInterfaceOrientationPortrait UIInterfaceOrientationLandscapeLeft UIInterfaceOrientationLandscapeRight";
				LD_RUNPATH_SEARCH_PATHS = (
					"$(inherited)",
					"@executable_path/Frameworks",
				);
				MARKETING_VERSION = 1.0;
				PRODUCT_BUNDLE_IDENTIFIER = carnage.carnage;
				PRODUCT_NAME = "$(TARGET_NAME)";
				SWIFT_EMIT_LOC_STRINGS = YES;
				SWIFT_VERSION = 5.0;
				TARGETED_DEVICE_FAMILY = "1,2";
			};
			name = Debug;
		};
		A2A3AAA72C88B20C00857B4B /* Release */ = {
			isa = XCBuildConfiguration;
			buildSettings = {
				ASSETCATALOG_COMPILER_APPICON_NAME = AppIcon;
				ASSETCATALOG_COMPILER_GLOBAL_ACCENT_COLOR_NAME = AccentColor;
				CODE_SIGN_STYLE = Automatic;
				CURRENT_PROJECT_VERSION = 1;
				DEVELOPMENT_ASSET_PATHS = "\"carnage/Preview Content\"";
				DEVELOPMENT_TEAM = L77KJB3955;
				ENABLE_PREVIEWS = YES;
				GENERATE_INFOPLIST_FILE = YES;
				INFOPLIST_FILE = carnage/Info.plist;
				INFOPLIST_KEY_UIApplicationSceneManifest_Generation = YES;
				INFOPLIST_KEY_UIApplicationSupportsIndirectInputEvents = YES;
				INFOPLIST_KEY_UILaunchScreen_Generation = YES;
				INFOPLIST_KEY_UISupportedInterfaceOrientations_iPad = "UIInterfaceOrientationPortrait UIInterfaceOrientationPortraitUpsideDown UIInterfaceOrientationLandscapeLeft UIInterfaceOrientationLandscapeRight";
				INFOPLIST_KEY_UISupportedInterfaceOrientations_iPhone = "UIInterfaceOrientationPortrait UIInterfaceOrientationLandscapeLeft UIInterfaceOrientationLandscapeRight";
				LD_RUNPATH_SEARCH_PATHS = (
					"$(inherited)",
					"@executable_path/Frameworks",
				);
				MARKETING_VERSION = 1.0;
				PRODUCT_BUNDLE_IDENTIFIER = carnage.carnage;
				PRODUCT_NAME = "$(TARGET_NAME)";
				SWIFT_EMIT_LOC_STRINGS = YES;
				SWIFT_VERSION = 5.0;
				TARGETED_DEVICE_FAMILY = "1,2";
			};
			name = Release;
		};
		A2A3AAA92C88B20C00857B4B /* Debug */ = {
			isa = XCBuildConfiguration;
			buildSettings = {
				ALWAYS_EMBED_SWIFT_STANDARD_LIBRARIES = YES;
				BUNDLE_LOADER = "$(TEST_HOST)";
				CODE_SIGN_STYLE = Automatic;
				CURRENT_PROJECT_VERSION = 1;
				DEVELOPMENT_TEAM = L77KJB3955;
				GENERATE_INFOPLIST_FILE = YES;
				IPHONEOS_DEPLOYMENT_TARGET = 17.5;
				MARKETING_VERSION = 1.0;
				PRODUCT_BUNDLE_IDENTIFIER = carnage.carnageTests;
				PRODUCT_NAME = "$(TARGET_NAME)";
				SWIFT_EMIT_LOC_STRINGS = NO;
				SWIFT_VERSION = 5.0;
				TARGETED_DEVICE_FAMILY = "1,2";
				TEST_HOST = "$(BUILT_PRODUCTS_DIR)/carnage.app/$(BUNDLE_EXECUTABLE_FOLDER_PATH)/carnage";
			};
			name = Debug;
		};
		A2A3AAAA2C88B20C00857B4B /* Release */ = {
			isa = XCBuildConfiguration;
			buildSettings = {
				ALWAYS_EMBED_SWIFT_STANDARD_LIBRARIES = YES;
				BUNDLE_LOADER = "$(TEST_HOST)";
				CODE_SIGN_STYLE = Automatic;
				CURRENT_PROJECT_VERSION = 1;
				DEVELOPMENT_TEAM = L77KJB3955;
				GENERATE_INFOPLIST_FILE = YES;
				IPHONEOS_DEPLOYMENT_TARGET = 17.5;
				MARKETING_VERSION = 1.0;
				PRODUCT_BUNDLE_IDENTIFIER = carnage.carnageTests;
				PRODUCT_NAME = "$(TARGET_NAME)";
				SWIFT_EMIT_LOC_STRINGS = NO;
				SWIFT_VERSION = 5.0;
				TARGETED_DEVICE_FAMILY = "1,2";
				TEST_HOST = "$(BUILT_PRODUCTS_DIR)/carnage.app/$(BUNDLE_EXECUTABLE_FOLDER_PATH)/carnage";
			};
			name = Release;
		};
		A2A3AAAC2C88B20C00857B4B /* Debug */ = {
			isa = XCBuildConfiguration;
			buildSettings = {
				ALWAYS_EMBED_SWIFT_STANDARD_LIBRARIES = YES;
				CODE_SIGN_STYLE = Automatic;
				CURRENT_PROJECT_VERSION = 1;
				DEVELOPMENT_TEAM = L77KJB3955;
				GENERATE_INFOPLIST_FILE = YES;
				MARKETING_VERSION = 1.0;
				PRODUCT_BUNDLE_IDENTIFIER = carnage.carnageUITests;
				PRODUCT_NAME = "$(TARGET_NAME)";
				SWIFT_EMIT_LOC_STRINGS = NO;
				SWIFT_VERSION = 5.0;
				TARGETED_DEVICE_FAMILY = "1,2";
				TEST_TARGET_NAME = carnage;
			};
			name = Debug;
		};
		A2A3AAAD2C88B20C00857B4B /* Release */ = {
			isa = XCBuildConfiguration;
			buildSettings = {
				ALWAYS_EMBED_SWIFT_STANDARD_LIBRARIES = YES;
				CODE_SIGN_STYLE = Automatic;
				CURRENT_PROJECT_VERSION = 1;
				DEVELOPMENT_TEAM = L77KJB3955;
				GENERATE_INFOPLIST_FILE = YES;
				MARKETING_VERSION = 1.0;
				PRODUCT_BUNDLE_IDENTIFIER = carnage.carnageUITests;
				PRODUCT_NAME = "$(TARGET_NAME)";
				SWIFT_EMIT_LOC_STRINGS = NO;
				SWIFT_VERSION = 5.0;
				TARGETED_DEVICE_FAMILY = "1,2";
				TEST_TARGET_NAME = carnage;
			};
			name = Release;
		};
/* End XCBuildConfiguration section */

/* Begin XCConfigurationList section */
		A2A3AA7A2C88B20B00857B4B /* Build configuration list for PBXProject "carnage" */ = {
			isa = XCConfigurationList;
			buildConfigurations = (
				A2A3AAA32C88B20C00857B4B /* Debug */,
				A2A3AAA42C88B20C00857B4B /* Release */,
			);
			defaultConfigurationIsVisible = 0;
			defaultConfigurationName = Release;
		};
		A2A3AAA52C88B20C00857B4B /* Build configuration list for PBXNativeTarget "carnage" */ = {
			isa = XCConfigurationList;
			buildConfigurations = (
				A2A3AAA62C88B20C00857B4B /* Debug */,
				A2A3AAA72C88B20C00857B4B /* Release */,
			);
			defaultConfigurationIsVisible = 0;
			defaultConfigurationName = Release;
		};
		A2A3AAA82C88B20C00857B4B /* Build configuration list for PBXNativeTarget "carnageTests" */ = {
			isa = XCConfigurationList;
			buildConfigurations = (
				A2A3AAA92C88B20C00857B4B /* Debug */,
				A2A3AAAA2C88B20C00857B4B /* Release */,
			);
			defaultConfigurationIsVisible = 0;
			defaultConfigurationName = Release;
		};
		A2A3AAAB2C88B20C00857B4B /* Build configuration list for PBXNativeTarget "carnageUITests" */ = {
			isa = XCConfigurationList;
			buildConfigurations = (
				A2A3AAAC2C88B20C00857B4B /* Debug */,
				A2A3AAAD2C88B20C00857B4B /* Release */,
			);
			defaultConfigurationIsVisible = 0;
			defaultConfigurationName = Release;
		};
/* End XCConfigurationList section */
	};
	rootObject = A2A3AA772C88B20B00857B4B /* Project object */;
}
